
Microsoft Visual Studio Solution File, Format Version 12.00
# Visual Studio Version 17
VisualStudioVersion = 17.0.31912.275
MinimumVisualStudioVersion = 10.0.40219.1
Project("{FAE04EC0-301F-11D3-BF4B-00C04F79EFBC}") = "DealerOn.ExerciseTwo", "DealerOn.ExerciseTwo\DealerOn.ExerciseTwo.csproj", "{F4EE2814-8712-495B-BAC6-B5EC59BF5B3F}"
EndProject
Global
	GlobalSection(SolutionConfigurationPlatforms) = preSolution
		Debug|Any CPU = Debug|Any CPU
		Release|Any CPU = Release|Any CPU
	EndGlobalSection
	GlobalSection(ProjectConfigurationPlatforms) = postSolution
		{F4EE2814-8712-495B-BAC6-B5EC59BF5B3F}.Debug|Any CPU.ActiveCfg = Debug|Any CPU
		{F4EE2814-8712-495B-BAC6-B5EC59BF5B3F}.Debug|Any CPU.Build.0 = Debug|Any CPU
		{F4EE2814-8712-495B-BAC6-B5EC59BF5B3F}.Release|Any CPU.ActiveCfg = Release|Any CPU
		{F4EE2814-8712-495B-BAC6-B5EC59BF5B3F}.Release|Any CPU.Build.0 = Release|Any CPU
	EndGlobalSection
	GlobalSection(SolutionProperties) = preSolution
		HideSolutionNode = FALSE
	EndGlobalSection
	GlobalSection(ExtensibilityGlobals) = postSolution
		SolutionGuid = {D66B2C03-766D-45C6-A4F7-CA58D77052BD}
	EndGlobalSection
EndGlobal
